<?xml version="1.0" encoding="utf-8"?>
<Project ToolsVersion="4.0" xmlns="http://schemas.microsoft.com/developer/msbuild/2003">
  <ItemGroup>
    <Filter Include="Source Files">
      <UniqueIdentifier>{4FC737F1-C7A5-4376-A066-2A32D752A2FF}</UniqueIdentifier>
      <Extensions>cpp;c;cc;cxx;def;odl;idl;hpj;bat;asm;asmx</Extensions>
    </Filter>
    <Filter Include="Header Files">
      <UniqueIdentifier>{93995380-89BD-4b04-88EB-625FBE52EBFB}</UniqueIdentifier>
      <Extensions>h;hpp;hxx;hm;inl;inc;xsd</Extensions>
    </Filter>
    <Filter Include="Resource Files">
      <UniqueIdentifier>{67DA6AB6-F800-4c08-8B7A-83BB121AAD01}</UniqueIdentifier>
      <Extensions>rc;ico;cur;bmp;dlg;rc2;rct;bin;rgs;gif;jpg;jpeg;jpe;resx;tiff;tif;png;wav;mfcribbon-ms</Extensions>
    </Filter>
    <Filter Include="Driver Files">
      <UniqueIdentifier>{8E41214B-6785-4CFE-B992-037D68949A14}</UniqueIdentifier>
      <Extensions>inf;inv;inx;mof;mc;</Extensions>
    </Filter>
    <Filter Include="Source Files\Filter Functions">
      <UniqueIdentifier>{0549f26f-ea56-466e-bbe7-559624f4eec7}</UniqueIdentifier>
    </Filter>
    <Filter Include="Source Files\Setup">
      <UniqueIdentifier>{4b7bb851-8088-4c82-a521-60cfa013d212}</UniqueIdentifier>
    </Filter>
    <Filter Include="Source Files\Communication">
      <UniqueIdentifier>{b7b6e8a4-3f86-4603-b440-2d4647ebc463}</UniqueIdentifier>
    </Filter>
    <Filter Include="Source Files\Common">
      <UniqueIdentifier>{38aabd33-9498-4314-8cb1-79928fa27ba3}</UniqueIdentifier>
    </Filter>
  </ItemGroup>
  <ItemGroup>
    <Inf Include="KernelHelloWorld.inf">
      <Filter>Driver Files</Filter>
    </Inf>
  </ItemGroup>
  <ItemGroup>
    <ClCompile Include="driver.c">
      <Filter>Source Files</Filter>
    </ClCompile>
    <ClCompile Include="filter.c">
      <Filter>Source Files\Filter Functions</Filter>
    </ClCompile>
    <ClCompile Include="dns_helper.c">
      <Filter>Source Files\Filter Functions</Filter>
    </ClCompile>
    <ClCompile Include="wfp.c">
      <Filter>Source Files\Setup</Filter>
    </ClCompile>
    <ClCompile Include="packet_extractor.c">
      <Filter>Source Files\Communication</Filter>
    </ClCompile>
    <ClCompile Include="packet_queue.c">
      <Filter>Source Files\Communication</Filter>
    </ClCompile>
    <ClCompile Include="common.c">
      <Filter>Source Files\Common</Filter>
    </ClCompile>
    <ClCompile Include="globals.c">
      <Filter>Source Files\Common</Filter>
    </ClCompile>
    <ClCompile Include="initialize_driver.c">
      <Filter>Source Files\Setup</Filter>
    </ClCompile>
    <ClCompile Include="network_info.c">
      <Filter>Source Files\Setup</Filter>
    </ClCompile>
    <ClCompile Include="connection.c">
      <Filter>Source Files\Setup</Filter>
    </ClCompile>
    <ClCompile Include="netserpent_packet.c">
      <Filter>Source Files\Communication</Filter>
    </ClCompile>
    <ClCompile Include="packet_approval.c">
      <Filter>Source Files\Communication</Filter>
    </ClCompile>
    <ClCompile Include="async_classify.c">
      <Filter>Source Files\Filter Functions</Filter>
    </ClCompile>
    <ClCompile Include="driver_to_client.c">
      <Filter>Source Files\Communication</Filter>
    </ClCompile>
  </ItemGroup>
  <ItemGroup>
    <ClInclude Include="common.h">
      <Filter>Header Files</Filter>
    </ClInclude>
    <ClInclude Include="wfp.h">
      <Filter>Header Files</Filter>
    </ClInclude>
    <ClInclude Include="filter.h">
      <Filter>Header Files</Filter>
    </ClInclude>
    <ClInclude Include="globals.h">
      <Filter>Header Files</Filter>
    </ClInclude>
    <ClInclude Include="packet_queue.h">
      <Filter>Header Files</Filter>
    </ClInclude>
    <ClInclude Include="packet_extractor.h">
      <Filter>Header Files</Filter>
    </ClInclude>
    <ClInclude Include="dns_helper.h">
      <Filter>Header Files</Filter>
    </ClInclude>
    <ClInclude Include="initialize_driver.h">
      <Filter>Header Files</Filter>
    </ClInclude>
    <ClInclude Include="network_info.h">
      <Filter>Header Files</Filter>
    </ClInclude>
    <ClInclude Include="connection.h">
      <Filter>Header Files</Filter>
    </ClInclude>
    <ClInclude Include="constants.h">
      <Filter>Header Files</Filter>
    </ClInclude>
    <ClInclude Include="netserpent_packet.h">
      <Filter>Header Files</Filter>
    </ClInclude>
    <ClInclude Include="packet_approval.h">
      <Filter>Header Files</Filter>
    </ClInclude>
    <ClInclude Include="async_classify.h">
      <Filter>Header Files</Filter>
    </ClInclude>
    <ClInclude Include="driver_to_client.h">
      <Filter>Header Files</Filter>
    </ClInclude>
  </ItemGroup>
</Project>